// !$*UTF8*$!
{
	archiveVersion = 1;
	classes = {
	};
	objectVersion = 46;
	objects = {

/* Begin PBXBuildFile section */
		4E916E7F15B495DD000944C1 /* play@2x.png in Resources */ = {isa = PBXBuildFile; fileRef = 4E916E7E15B495DD000944C1 /* play@2x.png */; };
		4E916E8215B495E6000944C1 /* play.png in Resources */ = {isa = PBXBuildFile; fileRef = 4E916E8115B495E6000944C1 /* play.png */; };
		4E916E8415B49710000944C1 /* pause.png in Resources */ = {isa = PBXBuildFile; fileRef = 4E916E8315B49710000944C1 /* pause.png */; };
		4E916E8615B49716000944C1 /* pause@2x.png in Resources */ = {isa = PBXBuildFile; fileRef = 4E916E8515B49716000944C1 /* pause@2x.png */; };
		4E916E8815B49BB4000944C1 /* skip_forward@2x.png in Resources */ = {isa = PBXBuildFile; fileRef = 4E916E8715B49BB4000944C1 /* skip_forward@2x.png */; };
		4E916E8A15B49BC4000944C1 /* skip_forward.png in Resources */ = {isa = PBXBuildFile; fileRef = 4E916E8915B49BC4000944C1 /* skip_forward.png */; };
		9B95AB4915AFA374000438E6 /* SinGraphView.m in Sources */ = {isa = PBXBuildFile; fileRef = 9B95AB4815AFA374000438E6 /* SinGraphView.m */; };
		9B95AB4E15AFA8BE000438E6 /* JSPoint.m in Sources */ = {isa = PBXBuildFile; fileRef = 9B95AB4D15AFA8BE000438E6 /* JSPoint.m */; };
		9B9791B715B3FDB60051E1AE /* iPhoneIcon_Small.png in Resources */ = {isa = PBXBuildFile; fileRef = 9B9791B615B3FDB60051E1AE /* iPhoneIcon_Small.png */; };
		9B9791B915B3FDDD0051E1AE /* iPhoneIcon_Big.png in Resources */ = {isa = PBXBuildFile; fileRef = 9B9791B815B3FDDD0051E1AE /* iPhoneIcon_Big.png */; };
		9B9791BD15B3FFBF0051E1AE /* infoViewController.m in Sources */ = {isa = PBXBuildFile; fileRef = 9B9791BB15B3FFBF0051E1AE /* infoViewController.m */; };
		9B9791BE15B3FFBF0051E1AE /* infoViewController.xib in Resources */ = {isa = PBXBuildFile; fileRef = 9B9791BC15B3FFBF0051E1AE /* infoViewController.xib */; };
		9B9791C215B404820051E1AE /* Default@2x.png in Resources */ = {isa = PBXBuildFile; fileRef = 9B9791C115B404820051E1AE /* Default@2x.png */; };
		9B9791C415B404890051E1AE /* Default.png in Resources */ = {isa = PBXBuildFile; fileRef = 9B9791C315B404880051E1AE /* Default.png */; };
		9B9791C815B409010051E1AE /* sticker,smaller.png in Resources */ = {isa = PBXBuildFile; fileRef = 9B9791C715B409010051E1AE /* sticker,smaller.png */; };
		9B9791CC15B40E930051E1AE /* vbpng.png in Resources */ = {isa = PBXBuildFile; fileRef = 9B9791CB15B40E930051E1AE /* vbpng.png */; };
		9B9955F815B3919D009D57B1 /* sinBack.png in Resources */ = {isa = PBXBuildFile; fileRef = 9B9955F615B3919D009D57B1 /* sinBack.png */; };
		9B9955F915B3919D009D57B1 /* sinBack@2x.png in Resources */ = {isa = PBXBuildFile; fileRef = 9B9955F715B3919D009D57B1 /* sinBack@2x.png */; };
		9BC5804715AD5CCF00D25362 /* UIKit.framework in Frameworks */ = {isa = PBXBuildFile; fileRef = 9BC5804615AD5CCF00D25362 /* UIKit.framework */; };
		9BC5804915AD5CCF00D25362 /* Foundation.framework in Frameworks */ = {isa = PBXBuildFile; fileRef = 9BC5804815AD5CCF00D25362 /* Foundation.framework */; };
		9BC5804B15AD5CCF00D25362 /* CoreGraphics.framework in Frameworks */ = {isa = PBXBuildFile; fileRef = 9BC5804A15AD5CCF00D25362 /* CoreGraphics.framework */; };
		9BC5805115AD5CCF00D25362 /* InfoPlist.strings in Resources */ = {isa = PBXBuildFile; fileRef = 9BC5804F15AD5CCF00D25362 /* InfoPlist.strings */; };
		9BC5805315AD5CCF00D25362 /* main.m in Sources */ = {isa = PBXBuildFile; fileRef = 9BC5805215AD5CCF00D25362 /* main.m */; };
		9BC5805715AD5CCF00D25362 /* AppDelegate.m in Sources */ = {isa = PBXBuildFile; fileRef = 9BC5805615AD5CCF00D25362 /* AppDelegate.m */; };
		9BC5805A15AD5CCF00D25362 /* ViewController.m in Sources */ = {isa = PBXBuildFile; fileRef = 9BC5805915AD5CCF00D25362 /* ViewController.m */; };
		9BC5805D15AD5CCF00D25362 /* ViewController.xib in Resources */ = {isa = PBXBuildFile; fileRef = 9BC5805B15AD5CCF00D25362 /* ViewController.xib */; };
/* End PBXBuildFile section */

/* Begin PBXFileReference section */
		4E916E7E15B495DD000944C1 /* play@2x.png */ = {isa = PBXFileReference; lastKnownFileType = image.png; path = "play@2x.png"; sourceTree = "<group>"; };
		4E916E8115B495E6000944C1 /* play.png */ = {isa = PBXFileReference; lastKnownFileType = image.png; path = play.png; sourceTree = "<group>"; };
		4E916E8315B49710000944C1 /* pause.png */ = {isa = PBXFileReference; lastKnownFileType = image.png; path = pause.png; sourceTree = "<group>"; };
		4E916E8515B49716000944C1 /* pause@2x.png */ = {isa = PBXFileReference; lastKnownFileType = image.png; path = "pause@2x.png"; sourceTree = "<group>"; };
		4E916E8715B49BB4000944C1 /* skip_forward@2x.png */ = {isa = PBXFileReference; lastKnownFileType = image.png; path = "skip_forward@2x.png"; sourceTree = "<group>"; };
		4E916E8915B49BC4000944C1 /* skip_forward.png */ = {isa = PBXFileReference; lastKnownFileType = image.png; path = skip_forward.png; sourceTree = "<group>"; };
		9B95AB4715AFA374000438E6 /* SinGraphView.h */ = {isa = PBXFileReference; fileEncoding = 4; lastKnownFileType = sourcecode.c.h; path = SinGraphView.h; sourceTree = "<group>"; };
		9B95AB4815AFA374000438E6 /* SinGraphView.m */ = {isa = PBXFileReference; fileEncoding = 4; lastKnownFileType = sourcecode.c.objc; path = SinGraphView.m; sourceTree = "<group>"; };
		9B95AB4A15AFA764000438E6 /* JSPoint.h */ = {isa = PBXFileReference; fileEncoding = 4; lastKnownFileType = sourcecode.c.h; path = JSPoint.h; sourceTree = "<group>"; };
		9B95AB4D15AFA8BE000438E6 /* JSPoint.m */ = {isa = PBXFileReference; fileEncoding = 4; lastKnownFileType = sourcecode.c.objc; path = JSPoint.m; sourceTree = "<group>"; };
		9B9791B615B3FDB60051E1AE /* iPhoneIcon_Small.png */ = {isa = PBXFileReference; lastKnownFileType = image.png; path = iPhoneIcon_Small.png; sourceTree = "<group>"; };
		9B9791B815B3FDDD0051E1AE /* iPhoneIcon_Big.png */ = {isa = PBXFileReference; lastKnownFileType = image.png; path = iPhoneIcon_Big.png; sourceTree = "<group>"; };
		9B9791BA15B3FFBF0051E1AE /* infoViewController.h */ = {isa = PBXFileReference; fileEncoding = 4; lastKnownFileType = sourcecode.c.h; name = infoViewController.h; path = ../infoViewController.h; sourceTree = "<group>"; };
		9B9791BB15B3FFBF0051E1AE /* infoViewController.m */ = {isa = PBXFileReference; fileEncoding = 4; lastKnownFileType = sourcecode.c.objc; name = infoViewController.m; path = ../infoViewController.m; sourceTree = "<group>"; };
		9B9791BC15B3FFBF0051E1AE /* infoViewController.xib */ = {isa = PBXFileReference; fileEncoding = 4; lastKnownFileType = file.xib; name = infoViewController.xib; path = ../infoViewController.xib; sourceTree = "<group>"; };
		9B9791C115B404820051E1AE /* Default@2x.png */ = {isa = PBXFileReference; lastKnownFileType = image.png; path = "Default@2x.png"; sourceTree = "<group>"; };
		9B9791C315B404880051E1AE /* Default.png */ = {isa = PBXFileReference; lastKnownFileType = image.png; path = Default.png; sourceTree = "<group>"; };
		9B9791C715B409010051E1AE /* sticker,smaller.png */ = {isa = PBXFileReference; lastKnownFileType = image.png; path = "sticker,smaller.png"; sourceTree = "<group>"; };
		9B9791CB15B40E930051E1AE /* vbpng.png */ = {isa = PBXFileReference; lastKnownFileType = image.png; path = vbpng.png; sourceTree = "<group>"; };
		9B9955F615B3919D009D57B1 /* sinBack.png */ = {isa = PBXFileReference; lastKnownFileType = image.png; path = sinBack.png; sourceTree = "<group>"; };
		9B9955F715B3919D009D57B1 /* sinBack@2x.png */ = {isa = PBXFileReference; lastKnownFileType = image.png; path = "sinBack@2x.png"; sourceTree = "<group>"; };
		9BC5804215AD5CCF00D25362 /* mathProj2.app */ = {isa = PBXFileReference; explicitFileType = wrapper.application; includeInIndex = 0; path = mathProj2.app; sourceTree = BUILT_PRODUCTS_DIR; };
		9BC5804615AD5CCF00D25362 /* UIKit.framework */ = {isa = PBXFileReference; lastKnownFileType = wrapper.framework; name = UIKit.framework; path = System/Library/Frameworks/UIKit.framework; sourceTree = SDKROOT; };
		9BC5804815AD5CCF00D25362 /* Foundation.framework */ = {isa = PBXFileReference; lastKnownFileType = wrapper.framework; name = Foundation.framework; path = System/Library/Frameworks/Foundation.framework; sourceTree = SDKROOT; };
		9BC5804A15AD5CCF00D25362 /* CoreGraphics.framework */ = {isa = PBXFileReference; lastKnownFileType = wrapper.framework; name = CoreGraphics.framework; path = System/Library/Frameworks/CoreGraphics.framework; sourceTree = SDKROOT; };
		9BC5804E15AD5CCF00D25362 /* mathProj2-Info.plist */ = {isa = PBXFileReference; lastKnownFileType = text.plist.xml; path = "mathProj2-Info.plist"; sourceTree = "<group>"; };
		9BC5805015AD5CCF00D25362 /* en */ = {isa = PBXFileReference; lastKnownFileType = text.plist.strings; name = en; path = en.lproj/InfoPlist.strings; sourceTree = "<group>"; };
		9BC5805215AD5CCF00D25362 /* main.m */ = {isa = PBXFileReference; lastKnownFileType = sourcecode.c.objc; path = main.m; sourceTree = "<group>"; };
		9BC5805415AD5CCF00D25362 /* mathProj2-Prefix.pch */ = {isa = PBXFileReference; lastKnownFileType = sourcecode.c.h; path = "mathProj2-Prefix.pch"; sourceTree = "<group>"; };
		9BC5805515AD5CCF00D25362 /* AppDelegate.h */ = {isa = PBXFileReference; lastKnownFileType = sourcecode.c.h; path = AppDelegate.h; sourceTree = "<group>"; };
		9BC5805615AD5CCF00D25362 /* AppDelegate.m */ = {isa = PBXFileReference; lastKnownFileType = sourcecode.c.objc; path = AppDelegate.m; sourceTree = "<group>"; };
		9BC5805815AD5CCF00D25362 /* ViewController.h */ = {isa = PBXFileReference; lastKnownFileType = sourcecode.c.h; path = ViewController.h; sourceTree = "<group>"; };
		9BC5805915AD5CCF00D25362 /* ViewController.m */ = {isa = PBXFileReference; lastKnownFileType = sourcecode.c.objc; path = ViewController.m; sourceTree = "<group>"; };
		9BC5805C15AD5CCF00D25362 /* en */ = {isa = PBXFileReference; lastKnownFileType = file.xib; name = en; path = en.lproj/ViewController.xib; sourceTree = "<group>"; };
/* End PBXFileReference section */

/* Begin PBXFrameworksBuildPhase section */
		9BC5803F15AD5CCF00D25362 /* Frameworks */ = {
			isa = PBXFrameworksBuildPhase;
			buildActionMask = 2147483647;
			files = (
				9BC5804715AD5CCF00D25362 /* UIKit.framework in Frameworks */,
				9BC5804915AD5CCF00D25362 /* Foundation.framework in Frameworks */,
				9BC5804B15AD5CCF00D25362 /* CoreGraphics.framework in Frameworks */,
			);
			runOnlyForDeploymentPostprocessing = 0;
		};
/* End PBXFrameworksBuildPhase section */

/* Begin PBXGroup section */
		9BC5803715AD5CCF00D25362 = {
			isa = PBXGroup;
			children = (
				4E916E8915B49BC4000944C1 /* skip_forward.png */,
				4E916E8715B49BB4000944C1 /* skip_forward@2x.png */,
				4E916E8515B49716000944C1 /* pause@2x.png */,
				4E916E8315B49710000944C1 /* pause.png */,
				4E916E8115B495E6000944C1 /* play.png */,
				4E916E7E15B495DD000944C1 /* play@2x.png */,
				9B9791CB15B40E930051E1AE /* vbpng.png */,
				9B9791C715B409010051E1AE /* sticker,smaller.png */,
				9B9791C315B404880051E1AE /* Default.png */,
				9B9791C115B404820051E1AE /* Default@2x.png */,
				9B9791B815B3FDDD0051E1AE /* iPhoneIcon_Big.png */,
				9B9791B615B3FDB60051E1AE /* iPhoneIcon_Small.png */,
				9B9955F615B3919D009D57B1 /* sinBack.png */,
				9B9955F715B3919D009D57B1 /* sinBack@2x.png */,
				9BC5804C15AD5CCF00D25362 /* mathProj2 */,
				9BC5804515AD5CCF00D25362 /* Frameworks */,
				9BC5804315AD5CCF00D25362 /* Products */,
			);
			sourceTree = "<group>";
		};
		9BC5804315AD5CCF00D25362 /* Products */ = {
			isa = PBXGroup;
			children = (
				9BC5804215AD5CCF00D25362 /* mathProj2.app */,
			);
			name = Products;
			sourceTree = "<group>";
		};
		9BC5804515AD5CCF00D25362 /* Frameworks */ = {
			isa = PBXGroup;
			children = (
				9BC5804615AD5CCF00D25362 /* UIKit.framework */,
				9BC5804815AD5CCF00D25362 /* Foundation.framework */,
				9BC5804A15AD5CCF00D25362 /* CoreGraphics.framework */,
			);
			name = Frameworks;
			sourceTree = "<group>";
		};
		9BC5804C15AD5CCF00D25362 /* mathProj2 */ = {
			isa = PBXGroup;
			children = (
				9B9791BA15B3FFBF0051E1AE /* infoViewController.h */,
				9B9791BB15B3FFBF0051E1AE /* infoViewController.m */,
				9B9791BC15B3FFBF0051E1AE /* infoViewController.xib */,
				9BC5805515AD5CCF00D25362 /* AppDelegate.h */,
				9BC5805615AD5CCF00D25362 /* AppDelegate.m */,
				9BC5805B15AD5CCF00D25362 /* ViewController.xib */,
				9BC5805815AD5CCF00D25362 /* ViewController.h */,
				9BC5805915AD5CCF00D25362 /* ViewController.m */,
				9B95AB4715AFA374000438E6 /* SinGraphView.h */,
				9B95AB4815AFA374000438E6 /* SinGraphView.m */,
				9BC5804D15AD5CCF00D25362 /* Supporting Files */,
				9B95AB4A15AFA764000438E6 /* JSPoint.h */,
				9B95AB4D15AFA8BE000438E6 /* JSPoint.m */,
			);
			path = mathProj2;
			sourceTree = "<group>";
		};
		9BC5804D15AD5CCF00D25362 /* Supporting Files */ = {
			isa = PBXGroup;
			children = (
				9BC5804E15AD5CCF00D25362 /* mathProj2-Info.plist */,
				9BC5804F15AD5CCF00D25362 /* InfoPlist.strings */,
				9BC5805215AD5CCF00D25362 /* main.m */,
				9BC5805415AD5CCF00D25362 /* mathProj2-Prefix.pch */,
			);
			name = "Supporting Files";
			sourceTree = "<group>";
		};
/* End PBXGroup section */

/* Begin PBXNativeTarget section */
		9BC5804115AD5CCF00D25362 /* sinGraph */ = {
			isa = PBXNativeTarget;
			buildConfigurationList = 9BC5806015AD5CCF00D25362 /* Build configuration list for PBXNativeTarget "sinGraph" */;
			buildPhases = (
				9BC5803E15AD5CCF00D25362 /* Sources */,
				9BC5803F15AD5CCF00D25362 /* Frameworks */,
				9BC5804015AD5CCF00D25362 /* Resources */,
			);
			buildRules = (
			);
			dependencies = (
			);
			name = sinGraph;
			productName = mathProj2;
			productReference = 9BC5804215AD5CCF00D25362 /* mathProj2.app */;
			productType = "com.apple.product-type.application";
		};
/* End PBXNativeTarget section */

/* Begin PBXProject section */
		9BC5803915AD5CCF00D25362 /* Project object */ = {
			isa = PBXProject;
			attributes = {
				LastUpgradeCheck = 0450;
				ORGANIZATIONNAME = rich;
			};
			buildConfigurationList = 9BC5803C15AD5CCF00D25362 /* Build configuration list for PBXProject "mathProj2" */;
			compatibilityVersion = "Xcode 3.2";
			developmentRegion = English;
			hasScannedForEncodings = 0;
			knownRegions = (
				en,
			);
			mainGroup = 9BC5803715AD5CCF00D25362;
			productRefGroup = 9BC5804315AD5CCF00D25362 /* Products */;
			projectDirPath = "";
			projectRoot = "";
			targets = (
				9BC5804115AD5CCF00D25362 /* sinGraph */,
			);
		};
/* End PBXProject section */

/* Begin PBXResourcesBuildPhase section */
		9BC5804015AD5CCF00D25362 /* Resources */ = {
			isa = PBXResourcesBuildPhase;
			buildActionMask = 2147483647;
			files = (
				9BC5805115AD5CCF00D25362 /* InfoPlist.strings in Resources */,
				9BC5805D15AD5CCF00D25362 /* ViewController.xib in Resources */,
				9B9955F815B3919D009D57B1 /* sinBack.png in Resources */,
				9B9955F915B3919D009D57B1 /* sinBack@2x.png in Resources */,
				9B9791B715B3FDB60051E1AE /* iPhoneIcon_Small.png in Resources */,
				9B9791B915B3FDDD0051E1AE /* iPhoneIcon_Big.png in Resources */,
				9B9791BE15B3FFBF0051E1AE /* infoViewController.xib in Resources */,
				9B9791C215B404820051E1AE /* Default@2x.png in Resources */,
				9B9791C415B404890051E1AE /* Default.png in Resources */,
				9B9791C815B409010051E1AE /* sticker,smaller.png in Resources */,
				9B9791CC15B40E930051E1AE /* vbpng.png in Resources */,
				4E916E7F15B495DD000944C1 /* play@2x.png in Resources */,
				4E916E8215B495E6000944C1 /* play.png in Resources */,
				4E916E8415B49710000944C1 /* pause.png in Resources */,
				4E916E8615B49716000944C1 /* pause@2x.png in Resources */,
				4E916E8815B49BB4000944C1 /* skip_forward@2x.png in Resources */,
				4E916E8A15B49BC4000944C1 /* skip_forward.png in Resources */,
			);
			runOnlyForDeploymentPostprocessing = 0;
		};
/* End PBXResourcesBuildPhase section */

/* Begin PBXSourcesBuildPhase section */
		9BC5803E15AD5CCF00D25362 /* Sources */ = {
			isa = PBXSourcesBuildPhase;
			buildActionMask = 2147483647;
			files = (
				9BC5805315AD5CCF00D25362 /* main.m in Sources */,
				9BC5805715AD5CCF00D25362 /* AppDelegate.m in Sources */,
				9BC5805A15AD5CCF00D25362 /* ViewController.m in Sources */,
				9B95AB4915AFA374000438E6 /* SinGraphView.m in Sources */,
				9B95AB4E15AFA8BE000438E6 /* JSPoint.m in Sources */,
				9B9791BD15B3FFBF0051E1AE /* infoViewController.m in Sources */,
			);
			runOnlyForDeploymentPostprocessing = 0;
		};
/* End PBXSourcesBuildPhase section */

/* Begin PBXVariantGroup section */
		9BC5804F15AD5CCF00D25362 /* InfoPlist.strings */ = {
			isa = PBXVariantGroup;
			children = (
				9BC5805015AD5CCF00D25362 /* en */,
			);
			name = InfoPlist.strings;
			sourceTree = "<group>";
		};
		9BC5805B15AD5CCF00D25362 /* ViewController.xib */ = {
			isa = PBXVariantGroup;
			children = (
				9BC5805C15AD5CCF00D25362 /* en */,
			);
			name = ViewController.xib;
			sourceTree = "<group>";
		};
/* End PBXVariantGroup section */

/* Begin XCBuildConfiguration section */
		9BC5805E15AD5CCF00D25362 /* Debug */ = {
			isa = XCBuildConfiguration;
			buildSettings = {
				ALWAYS_SEARCH_USER_PATHS = NO;
				CLANG_CXX_LANGUAGE_STANDARD = "gnu++0x";
				CLANG_ENABLE_OBJC_ARC = YES;
				CLANG_WARN__DUPLICATE_METHOD_MATCH = YES;
				CODE_SIGN_IDENTITY = "";
				"CODE_SIGN_IDENTITY[sdk=iphoneos*]" = "iPhone Developer: Joshua Sharfi (7BVCFEEQZM)";
				COPY_PHASE_STRIP = NO;
				GCC_C_LANGUAGE_STANDARD = gnu99;
				GCC_DYNAMIC_NO_PIC = NO;
				GCC_OPTIMIZATION_LEVEL = 0;
				GCC_PREPROCESSOR_DEFINITIONS = (
					"DEBUG=1",
					"$(inherited)",
				);
				GCC_SYMBOLS_PRIVATE_EXTERN = NO;
				GCC_WARN_ABOUT_RETURN_TYPE = YES;
				GCC_WARN_UNINITIALIZED_AUTOS = YES;
				GCC_WARN_UNUSED_VARIABLE = YES;
				IPHONEOS_DEPLOYMENT_TARGET = 5.0;
				SDKROOT = iphoneos;
			};
			name = Debug;
		};
		9BC5805F15AD5CCF00D25362 /* Release */ = {
			isa = XCBuildConfiguration;
			buildSettings = {
				ALWAYS_SEARCH_USER_PATHS = NO;
				CLANG_CXX_LANGUAGE_STANDARD = "gnu++0x";
				CLANG_ENABLE_OBJC_ARC = YES;
				CLANG_WARN__DUPLICATE_METHOD_MATCH = YES;
				CODE_SIGN_IDENTITY = "";
				"CODE_SIGN_IDENTITY[sdk=iphoneos*]" = "iPhone Developer: Joshua Sharfi (7BVCFEEQZM)";
				COPY_PHASE_STRIP = YES;
				GCC_C_LANGUAGE_STANDARD = gnu99;
				GCC_WARN_ABOUT_RETURN_TYPE = YES;
				GCC_WARN_UNINITIALIZED_AUTOS = YES;
				GCC_WARN_UNUSED_VARIABLE = YES;
				IPHONEOS_DEPLOYMENT_TARGET = 5.0;
				OTHER_CFLAGS = "-DNS_BLOCK_ASSERTIONS=1";
				SDKROOT = iphoneos;
				VALIDATE_PRODUCT = YES;
			};
			name = Release;
		};
		9BC5806115AD5CCF00D25362 /* Debug */ = {
			isa = XCBuildConfiguration;
			buildSettings = {
				GCC_PRECOMPILE_PREFIX_HEADER = YES;
				GCC_PREFIX_HEADER = "mathProj2/mathProj2-Prefix.pch";
				INFOPLIST_FILE = "mathProj2/mathProj2-Info.plist";
				PRODUCT_NAME = "$(TARGET_NAME)";
				WRAPPER_EXTENSION = app;
			};
			name = Debug;
		};
		9BC5806215AD5CCF00D25362 /* Release */ = {
			isa = XCBuildConfiguration;
			buildSettings = {
				GCC_PRECOMPILE_PREFIX_HEADER = YES;
				GCC_PREFIX_HEADER = "mathProj2/mathProj2-Prefix.pch";
				INFOPLIST_FILE = "mathProj2/mathProj2-Info.plist";
				PRODUCT_NAME = "$(TARGET_NAME)";
				WRAPPER_EXTENSION = app;
			};
			name = Release;
		};
/* End XCBuildConfiguration section */

/* Begin XCConfigurationList section */
		9BC5803C15AD5CCF00D25362 /* Build configuration list for PBXProject "mathProj2" */ = {
			isa = XCConfigurationList;
			buildConfigurations = (
				9BC5805E15AD5CCF00D25362 /* Debug */,
				9BC5805F15AD5CCF00D25362 /* Release */,
			);
			defaultConfigurationIsVisible = 0;
			defaultConfigurationName = Release;
		};
		9BC5806015AD5CCF00D25362 /* Build configuration list for PBXNativeTarget "sinGraph" */ = {
			isa = XCConfigurationList;
			buildConfigurations = (
				9BC5806115AD5CCF00D25362 /* Debug */,
				9BC5806215AD5CCF00D25362 /* Release */,
			);
			defaultConfigurationIsVisible = 0;
			defaultConfigurationName = Release;
		};
/* End XCConfigurationList section */
	};
	rootObject = 9BC5803915AD5CCF00D25362 /* Project object */;
}
